
Microsoft Visual Studio Solution File, Format Version 12.00
# Visual Studio Version 17
VisualStudioVersion = 17.4.33213.308
MinimumVisualStudioVersion = 10.0.40219.1
Project("{FAE04EC0-301F-11D3-BF4B-00C04F79EFBC}") = "OOPLaba5", "OOPLaba5\OOPLaba5.csproj", "{553DCAAE-483A-4C42-87C0-894BD12DAAE9}"
EndProject
Global
	GlobalSection(SolutionConfigurationPlatforms) = preSolution
		Debug|Any CPU = Debug|Any CPU
		Release|Any CPU = Release|Any CPU
	EndGlobalSection
	GlobalSection(ProjectConfigurationPlatforms) = postSolution
		{553DCAAE-483A-4C42-87C0-894BD12DAAE9}.Debug|Any CPU.ActiveCfg = Debug|Any CPU
		{553DCAAE-483A-4C42-87C0-894BD12DAAE9}.Debug|Any CPU.Build.0 = Debug|Any CPU
		{553DCAAE-483A-4C42-87C0-894BD12DAAE9}.Release|Any CPU.ActiveCfg = Release|Any CPU
		{553DCAAE-483A-4C42-87C0-894BD12DAAE9}.Release|Any CPU.Build.0 = Release|Any CPU
	EndGlobalSection
	GlobalSection(SolutionProperties) = preSolution
		HideSolutionNode = FALSE
	EndGlobalSection
	GlobalSection(ExtensibilityGlobals) = postSolution
		SolutionGuid = {49FEE42B-A62C-406B-AE49-EEA4866997DB}
	EndGlobalSection
EndGlobal
